{
  "name": "dockerlearning",
  "version": "1.0.0",
  "lockfileVersion": 3,
  "requires": true,
  "packages": {
    "": {
      "name": "dockerlearning",
      "version": "1.0.0",
      "license": "ISC",
      "dependencies": {
        "@hono/node-server": "^1.12.1",
        "hono": "^4.5.9"
      }
    },
    "node_modules/@hono/node-server": {
      "version": "1.12.1",
      "resolved": "https://registry.npmjs.org/@hono/node-server/-/node-server-1.12.1.tgz",
      "integrity": "sha512-C9l+08O8xtXB7Ppmy8DjBFH1hYji7JKzsU32Yt1poIIbdPp6S7aOI8IldDHD9YFJ55lv2c21ovNrmxatlHfhAg==",
      "engines": {
        "node": ">=18.14.1"
      }
    },
    "node_modules/hono": {
      "version": "4.5.9",
      "resolved": "https://registry.npmjs.org/hono/-/hono-4.5.9.tgz",
      "integrity": "sha512-zz8ktqMDRrZETjxBrv8C5PQRFbrTRCLNVAjD1SNQyOzv4VjmX68Uxw83xQ6oxdAB60HiWnGEatiKA8V3SZLDkQ==",
      "engines": {
        "node": ">=16.0.0"
      }
    }
  }
}
